{
  "name": "aws_lambda_handler",
  "version": "2.0.0",
  "dependencies": {
    "aws_message_reader": {
      "version": "3.0.1",
      "from": "aws_message_reader@^3.0.1",
      "dependencies": {
        "async": {
          "version": "1.3.0",
          "from": "https://registry.npmjs.org/async/-/async-1.3.0.tgz",
          "resolved": "https://registry.npmjs.org/async/-/async-1.3.0.tgz"
        }
      }
    },
    "nodeify_lambda_context": {
      "version": "1.0.1",
      "from": "nodeify_lambda_context@^1.0.1",
      "resolved": "https://registry.npmjs.org/nodeify_lambda_context/-/nodeify_lambda_context-1.0.1.tgz"
    }
  }
}
